// !$*UTF8*$!
{
	archiveVersion = 1;
	classes = {
	};
	objectVersion = 46;
	objects = {

/* Begin PBXBuildFile section */
		3ED9ADE215E6E25800B98E3F /* UIKit.framework in Frameworks */ = {isa = PBXBuildFile; fileRef = 3ED9ADE115E6E25800B98E3F /* UIKit.framework */; };
		3ED9ADE415E6E25800B98E3F /* Foundation.framework in Frameworks */ = {isa = PBXBuildFile; fileRef = 3ED9ADE315E6E25800B98E3F /* Foundation.framework */; };
		3ED9ADE615E6E25800B98E3F /* CoreGraphics.framework in Frameworks */ = {isa = PBXBuildFile; fileRef = 3ED9ADE515E6E25800B98E3F /* CoreGraphics.framework */; };
		3ED9ADEC15E6E25800B98E3F /* InfoPlist.strings in Resources */ = {isa = PBXBuildFile; fileRef = 3ED9ADEA15E6E25800B98E3F /* InfoPlist.strings */; };
		3ED9ADEE15E6E25800B98E3F /* main.m in Sources */ = {isa = PBXBuildFile; fileRef = 3ED9ADED15E6E25800B98E3F /* main.m */; };
		3ED9ADF215E6E25800B98E3F /* AppDelegate.m in Sources */ = {isa = PBXBuildFile; fileRef = 3ED9ADF115E6E25800B98E3F /* AppDelegate.m */; };
		3ED9ADFA15E6E25800B98E3F /* SenTestingKit.framework in Frameworks */ = {isa = PBXBuildFile; fileRef = 3ED9ADF915E6E25800B98E3F /* SenTestingKit.framework */; };
		3ED9ADFB15E6E25800B98E3F /* UIKit.framework in Frameworks */ = {isa = PBXBuildFile; fileRef = 3ED9ADE115E6E25800B98E3F /* UIKit.framework */; };
		3ED9ADFC15E6E25800B98E3F /* Foundation.framework in Frameworks */ = {isa = PBXBuildFile; fileRef = 3ED9ADE315E6E25800B98E3F /* Foundation.framework */; };
		3ED9AE0415E6E25900B98E3F /* InfoPlist.strings in Resources */ = {isa = PBXBuildFile; fileRef = 3ED9AE0215E6E25800B98E3F /* InfoPlist.strings */; };
		3ED9AE0715E6E25900B98E3F /* glfunTests.m in Sources */ = {isa = PBXBuildFile; fileRef = 3ED9AE0615E6E25900B98E3F /* glfunTests.m */; };
		3ED9AE1115E6E28B00B98E3F /* OpenGLES.framework in Frameworks */ = {isa = PBXBuildFile; fileRef = 3ED9AE1015E6E28B00B98E3F /* OpenGLES.framework */; };
		3ED9AE1315E6E29400B98E3F /* QuartzCore.framework in Frameworks */ = {isa = PBXBuildFile; fileRef = 3ED9AE1215E6E29400B98E3F /* QuartzCore.framework */; };
		3ED9AE1615E6E2B800B98E3F /* OpenGLView.m in Sources */ = {isa = PBXBuildFile; fileRef = 3ED9AE1515E6E2B800B98E3F /* OpenGLView.m */; };
		3ED9AE1815E6E5D500B98E3F /* SimpleVertex.glsl in Sources */ = {isa = PBXBuildFile; fileRef = 3ED9AE1715E6E5D500B98E3F /* SimpleVertex.glsl */; };
		3ED9AE1A15E6E68400B98E3F /* SimpleFragment.glsl in Sources */ = {isa = PBXBuildFile; fileRef = 3ED9AE1915E6E68400B98E3F /* SimpleFragment.glsl */; };
/* End PBXBuildFile section */

/* Begin PBXContainerItemProxy section */
		3ED9ADFD15E6E25800B98E3F /* PBXContainerItemProxy */ = {
			isa = PBXContainerItemProxy;
			containerPortal = 3ED9ADD415E6E25800B98E3F /* Project object */;
			proxyType = 1;
			remoteGlobalIDString = 3ED9ADDC15E6E25800B98E3F;
			remoteInfo = glfun;
		};
/* End PBXContainerItemProxy section */

/* Begin PBXFileReference section */
		3ED9ADDD15E6E25800B98E3F /* glfun.app */ = {isa = PBXFileReference; explicitFileType = wrapper.application; includeInIndex = 0; path = glfun.app; sourceTree = BUILT_PRODUCTS_DIR; };
		3ED9ADE115E6E25800B98E3F /* UIKit.framework */ = {isa = PBXFileReference; lastKnownFileType = wrapper.framework; name = UIKit.framework; path = System/Library/Frameworks/UIKit.framework; sourceTree = SDKROOT; };
		3ED9ADE315E6E25800B98E3F /* Foundation.framework */ = {isa = PBXFileReference; lastKnownFileType = wrapper.framework; name = Foundation.framework; path = System/Library/Frameworks/Foundation.framework; sourceTree = SDKROOT; };
		3ED9ADE515E6E25800B98E3F /* CoreGraphics.framework */ = {isa = PBXFileReference; lastKnownFileType = wrapper.framework; name = CoreGraphics.framework; path = System/Library/Frameworks/CoreGraphics.framework; sourceTree = SDKROOT; };
		3ED9ADE915E6E25800B98E3F /* glfun-Info.plist */ = {isa = PBXFileReference; lastKnownFileType = text.plist.xml; path = "glfun-Info.plist"; sourceTree = "<group>"; };
		3ED9ADEB15E6E25800B98E3F /* en */ = {isa = PBXFileReference; lastKnownFileType = text.plist.strings; name = en; path = en.lproj/InfoPlist.strings; sourceTree = "<group>"; };
		3ED9ADED15E6E25800B98E3F /* main.m */ = {isa = PBXFileReference; lastKnownFileType = sourcecode.c.objc; path = main.m; sourceTree = "<group>"; };
		3ED9ADEF15E6E25800B98E3F /* glfun-Prefix.pch */ = {isa = PBXFileReference; lastKnownFileType = sourcecode.c.h; path = "glfun-Prefix.pch"; sourceTree = "<group>"; };
		3ED9ADF015E6E25800B98E3F /* AppDelegate.h */ = {isa = PBXFileReference; lastKnownFileType = sourcecode.c.h; path = AppDelegate.h; sourceTree = "<group>"; };
		3ED9ADF115E6E25800B98E3F /* AppDelegate.m */ = {isa = PBXFileReference; lastKnownFileType = sourcecode.c.objc; path = AppDelegate.m; sourceTree = "<group>"; };
		3ED9ADF815E6E25800B98E3F /* glfunTests.octest */ = {isa = PBXFileReference; explicitFileType = wrapper.cfbundle; includeInIndex = 0; path = glfunTests.octest; sourceTree = BUILT_PRODUCTS_DIR; };
		3ED9ADF915E6E25800B98E3F /* SenTestingKit.framework */ = {isa = PBXFileReference; lastKnownFileType = wrapper.framework; name = SenTestingKit.framework; path = Library/Frameworks/SenTestingKit.framework; sourceTree = DEVELOPER_DIR; };
		3ED9AE0115E6E25800B98E3F /* glfunTests-Info.plist */ = {isa = PBXFileReference; lastKnownFileType = text.plist.xml; path = "glfunTests-Info.plist"; sourceTree = "<group>"; };
		3ED9AE0315E6E25800B98E3F /* en */ = {isa = PBXFileReference; lastKnownFileType = text.plist.strings; name = en; path = en.lproj/InfoPlist.strings; sourceTree = "<group>"; };
		3ED9AE0515E6E25900B98E3F /* glfunTests.h */ = {isa = PBXFileReference; lastKnownFileType = sourcecode.c.h; path = glfunTests.h; sourceTree = "<group>"; };
		3ED9AE0615E6E25900B98E3F /* glfunTests.m */ = {isa = PBXFileReference; lastKnownFileType = sourcecode.c.objc; path = glfunTests.m; sourceTree = "<group>"; };
		3ED9AE1015E6E28B00B98E3F /* OpenGLES.framework */ = {isa = PBXFileReference; lastKnownFileType = wrapper.framework; name = OpenGLES.framework; path = System/Library/Frameworks/OpenGLES.framework; sourceTree = SDKROOT; };
		3ED9AE1215E6E29400B98E3F /* QuartzCore.framework */ = {isa = PBXFileReference; lastKnownFileType = wrapper.framework; name = QuartzCore.framework; path = System/Library/Frameworks/QuartzCore.framework; sourceTree = SDKROOT; };
		3ED9AE1415E6E2B800B98E3F /* OpenGLView.h */ = {isa = PBXFileReference; fileEncoding = 4; lastKnownFileType = sourcecode.c.h; path = OpenGLView.h; sourceTree = "<group>"; };
		3ED9AE1515E6E2B800B98E3F /* OpenGLView.m */ = {isa = PBXFileReference; fileEncoding = 4; lastKnownFileType = sourcecode.c.objc; path = OpenGLView.m; sourceTree = "<group>"; };
		3ED9AE1715E6E5D500B98E3F /* SimpleVertex.glsl */ = {isa = PBXFileReference; fileEncoding = 4; lastKnownFileType = com.apple.helium.sourcecode.glsl; path = SimpleVertex.glsl; sourceTree = "<group>"; };
		3ED9AE1915E6E68400B98E3F /* SimpleFragment.glsl */ = {isa = PBXFileReference; fileEncoding = 4; lastKnownFileType = com.apple.helium.sourcecode.glsl; path = SimpleFragment.glsl; sourceTree = "<group>"; };
/* End PBXFileReference section */

/* Begin PBXFrameworksBuildPhase section */
		3ED9ADDA15E6E25800B98E3F /* Frameworks */ = {
			isa = PBXFrameworksBuildPhase;
			buildActionMask = 2147483647;
			files = (
				3ED9AE1315E6E29400B98E3F /* QuartzCore.framework in Frameworks */,
				3ED9AE1115E6E28B00B98E3F /* OpenGLES.framework in Frameworks */,
				3ED9ADE215E6E25800B98E3F /* UIKit.framework in Frameworks */,
				3ED9ADE415E6E25800B98E3F /* Foundation.framework in Frameworks */,
				3ED9ADE615E6E25800B98E3F /* CoreGraphics.framework in Frameworks */,
			);
			runOnlyForDeploymentPostprocessing = 0;
		};
		3ED9ADF415E6E25800B98E3F /* Frameworks */ = {
			isa = PBXFrameworksBuildPhase;
			buildActionMask = 2147483647;
			files = (
				3ED9ADFA15E6E25800B98E3F /* SenTestingKit.framework in Frameworks */,
				3ED9ADFB15E6E25800B98E3F /* UIKit.framework in Frameworks */,
				3ED9ADFC15E6E25800B98E3F /* Foundation.framework in Frameworks */,
			);
			runOnlyForDeploymentPostprocessing = 0;
		};
/* End PBXFrameworksBuildPhase section */

/* Begin PBXGroup section */
		3ED9ADD215E6E25800B98E3F = {
			isa = PBXGroup;
			children = (
				3ED9ADE715E6E25800B98E3F /* glfun */,
				3ED9ADFF15E6E25800B98E3F /* glfunTests */,
				3ED9ADE015E6E25800B98E3F /* Frameworks */,
				3ED9ADDE15E6E25800B98E3F /* Products */,
			);
			sourceTree = "<group>";
		};
		3ED9ADDE15E6E25800B98E3F /* Products */ = {
			isa = PBXGroup;
			children = (
				3ED9ADDD15E6E25800B98E3F /* glfun.app */,
				3ED9ADF815E6E25800B98E3F /* glfunTests.octest */,
			);
			name = Products;
			sourceTree = "<group>";
		};
		3ED9ADE015E6E25800B98E3F /* Frameworks */ = {
			isa = PBXGroup;
			children = (
				3ED9AE1215E6E29400B98E3F /* QuartzCore.framework */,
				3ED9AE1015E6E28B00B98E3F /* OpenGLES.framework */,
				3ED9ADE115E6E25800B98E3F /* UIKit.framework */,
				3ED9ADE315E6E25800B98E3F /* Foundation.framework */,
				3ED9ADE515E6E25800B98E3F /* CoreGraphics.framework */,
				3ED9ADF915E6E25800B98E3F /* SenTestingKit.framework */,
			);
			name = Frameworks;
			sourceTree = "<group>";
		};
		3ED9ADE715E6E25800B98E3F /* glfun */ = {
			isa = PBXGroup;
			children = (
				3ED9ADF015E6E25800B98E3F /* AppDelegate.h */,
				3ED9AE1715E6E5D500B98E3F /* SimpleVertex.glsl */,
				3ED9AE1915E6E68400B98E3F /* SimpleFragment.glsl */,
				3ED9ADF115E6E25800B98E3F /* AppDelegate.m */,
				3ED9AE1415E6E2B800B98E3F /* OpenGLView.h */,
				3ED9AE1515E6E2B800B98E3F /* OpenGLView.m */,
				3ED9ADE815E6E25800B98E3F /* Supporting Files */,
			);
			path = glfun;
			sourceTree = "<group>";
		};
		3ED9ADE815E6E25800B98E3F /* Supporting Files */ = {
			isa = PBXGroup;
			children = (
				3ED9ADE915E6E25800B98E3F /* glfun-Info.plist */,
				3ED9ADEA15E6E25800B98E3F /* InfoPlist.strings */,
				3ED9ADED15E6E25800B98E3F /* main.m */,
				3ED9ADEF15E6E25800B98E3F /* glfun-Prefix.pch */,
			);
			name = "Supporting Files";
			sourceTree = "<group>";
		};
		3ED9ADFF15E6E25800B98E3F /* glfunTests */ = {
			isa = PBXGroup;
			children = (
				3ED9AE0515E6E25900B98E3F /* glfunTests.h */,
				3ED9AE0615E6E25900B98E3F /* glfunTests.m */,
				3ED9AE0015E6E25800B98E3F /* Supporting Files */,
			);
			path = glfunTests;
			sourceTree = "<group>";
		};
		3ED9AE0015E6E25800B98E3F /* Supporting Files */ = {
			isa = PBXGroup;
			children = (
				3ED9AE0115E6E25800B98E3F /* glfunTests-Info.plist */,
				3ED9AE0215E6E25800B98E3F /* InfoPlist.strings */,
			);
			name = "Supporting Files";
			sourceTree = "<group>";
		};
/* End PBXGroup section */

/* Begin PBXNativeTarget section */
		3ED9ADDC15E6E25800B98E3F /* glfun */ = {
			isa = PBXNativeTarget;
			buildConfigurationList = 3ED9AE0A15E6E25900B98E3F /* Build configuration list for PBXNativeTarget "glfun" */;
			buildPhases = (
				3ED9ADD915E6E25800B98E3F /* Sources */,
				3ED9ADDA15E6E25800B98E3F /* Frameworks */,
				3ED9ADDB15E6E25800B98E3F /* Resources */,
			);
			buildRules = (
			);
			dependencies = (
			);
			name = glfun;
			productName = glfun;
			productReference = 3ED9ADDD15E6E25800B98E3F /* glfun.app */;
			productType = "com.apple.product-type.application";
		};
		3ED9ADF715E6E25800B98E3F /* glfunTests */ = {
			isa = PBXNativeTarget;
			buildConfigurationList = 3ED9AE0D15E6E25900B98E3F /* Build configuration list for PBXNativeTarget "glfunTests" */;
			buildPhases = (
				3ED9ADF315E6E25800B98E3F /* Sources */,
				3ED9ADF415E6E25800B98E3F /* Frameworks */,
				3ED9ADF515E6E25800B98E3F /* Resources */,
				3ED9ADF615E6E25800B98E3F /* ShellScript */,
			);
			buildRules = (
			);
			dependencies = (
				3ED9ADFE15E6E25800B98E3F /* PBXTargetDependency */,
			);
			name = glfunTests;
			productName = glfunTests;
			productReference = 3ED9ADF815E6E25800B98E3F /* glfunTests.octest */;
			productType = "com.apple.product-type.bundle";
		};
/* End PBXNativeTarget section */

/* Begin PBXProject section */
		3ED9ADD415E6E25800B98E3F /* Project object */ = {
			isa = PBXProject;
			attributes = {
				LastUpgradeCheck = 0450;
				ORGANIZATIONNAME = Unidextrous;
			};
			buildConfigurationList = 3ED9ADD715E6E25800B98E3F /* Build configuration list for PBXProject "glfun" */;
			compatibilityVersion = "Xcode 3.2";
			developmentRegion = English;
			hasScannedForEncodings = 0;
			knownRegions = (
				en,
			);
			mainGroup = 3ED9ADD215E6E25800B98E3F;
			productRefGroup = 3ED9ADDE15E6E25800B98E3F /* Products */;
			projectDirPath = "";
			projectRoot = "";
			targets = (
				3ED9ADDC15E6E25800B98E3F /* glfun */,
				3ED9ADF715E6E25800B98E3F /* glfunTests */,
			);
		};
/* End PBXProject section */

/* Begin PBXResourcesBuildPhase section */
		3ED9ADDB15E6E25800B98E3F /* Resources */ = {
			isa = PBXResourcesBuildPhase;
			buildActionMask = 2147483647;
			files = (
				3ED9ADEC15E6E25800B98E3F /* InfoPlist.strings in Resources */,
			);
			runOnlyForDeploymentPostprocessing = 0;
		};
		3ED9ADF515E6E25800B98E3F /* Resources */ = {
			isa = PBXResourcesBuildPhase;
			buildActionMask = 2147483647;
			files = (
				3ED9AE0415E6E25900B98E3F /* InfoPlist.strings in Resources */,
			);
			runOnlyForDeploymentPostprocessing = 0;
		};
/* End PBXResourcesBuildPhase section */

/* Begin PBXShellScriptBuildPhase section */
		3ED9ADF615E6E25800B98E3F /* ShellScript */ = {
			isa = PBXShellScriptBuildPhase;
			buildActionMask = 2147483647;
			files = (
			);
			inputPaths = (
			);
			outputPaths = (
			);
			runOnlyForDeploymentPostprocessing = 0;
			shellPath = /bin/sh;
			shellScript = "# Run the unit tests in this test bundle.\n\"${SYSTEM_DEVELOPER_DIR}/Tools/RunUnitTests\"\n";
		};
/* End PBXShellScriptBuildPhase section */

/* Begin PBXSourcesBuildPhase section */
		3ED9ADD915E6E25800B98E3F /* Sources */ = {
			isa = PBXSourcesBuildPhase;
			buildActionMask = 2147483647;
			files = (
				3ED9ADEE15E6E25800B98E3F /* main.m in Sources */,
				3ED9ADF215E6E25800B98E3F /* AppDelegate.m in Sources */,
				3ED9AE1615E6E2B800B98E3F /* OpenGLView.m in Sources */,
				3ED9AE1815E6E5D500B98E3F /* SimpleVertex.glsl in Sources */,
				3ED9AE1A15E6E68400B98E3F /* SimpleFragment.glsl in Sources */,
			);
			runOnlyForDeploymentPostprocessing = 0;
		};
		3ED9ADF315E6E25800B98E3F /* Sources */ = {
			isa = PBXSourcesBuildPhase;
			buildActionMask = 2147483647;
			files = (
				3ED9AE0715E6E25900B98E3F /* glfunTests.m in Sources */,
			);
			runOnlyForDeploymentPostprocessing = 0;
		};
/* End PBXSourcesBuildPhase section */

/* Begin PBXTargetDependency section */
		3ED9ADFE15E6E25800B98E3F /* PBXTargetDependency */ = {
			isa = PBXTargetDependency;
			target = 3ED9ADDC15E6E25800B98E3F /* glfun */;
			targetProxy = 3ED9ADFD15E6E25800B98E3F /* PBXContainerItemProxy */;
		};
/* End PBXTargetDependency section */

/* Begin PBXVariantGroup section */
		3ED9ADEA15E6E25800B98E3F /* InfoPlist.strings */ = {
			isa = PBXVariantGroup;
			children = (
				3ED9ADEB15E6E25800B98E3F /* en */,
			);
			name = InfoPlist.strings;
			sourceTree = "<group>";
		};
		3ED9AE0215E6E25800B98E3F /* InfoPlist.strings */ = {
			isa = PBXVariantGroup;
			children = (
				3ED9AE0315E6E25800B98E3F /* en */,
			);
			name = InfoPlist.strings;
			sourceTree = "<group>";
		};
/* End PBXVariantGroup section */

/* Begin XCBuildConfiguration section */
		3ED9AE0815E6E25900B98E3F /* Debug */ = {
			isa = XCBuildConfiguration;
			buildSettings = {
				ALWAYS_SEARCH_USER_PATHS = NO;
				CLANG_CXX_LANGUAGE_STANDARD = "gnu++0x";
				CLANG_CXX_LIBRARY = "libc++";
				CLANG_ENABLE_OBJC_ARC = YES;
				CLANG_WARN__DUPLICATE_METHOD_MATCH = YES;
				"CODE_SIGN_IDENTITY[sdk=iphoneos*]" = "iPhone Developer";
				COPY_PHASE_STRIP = NO;
				GCC_C_LANGUAGE_STANDARD = gnu99;
				GCC_DYNAMIC_NO_PIC = NO;
				GCC_OPTIMIZATION_LEVEL = 0;
				GCC_PREPROCESSOR_DEFINITIONS = (
					"DEBUG=1",
					"$(inherited)",
				);
				GCC_SYMBOLS_PRIVATE_EXTERN = NO;
				GCC_WARN_ABOUT_RETURN_TYPE = YES;
				GCC_WARN_UNINITIALIZED_AUTOS = YES;
				GCC_WARN_UNUSED_VARIABLE = YES;
				IPHONEOS_DEPLOYMENT_TARGET = 6.0;
				SDKROOT = iphoneos;
			};
			name = Debug;
		};
		3ED9AE0915E6E25900B98E3F /* Release */ = {
			isa = XCBuildConfiguration;
			buildSettings = {
				ALWAYS_SEARCH_USER_PATHS = NO;
				CLANG_CXX_LANGUAGE_STANDARD = "gnu++0x";
				CLANG_CXX_LIBRARY = "libc++";
				CLANG_ENABLE_OBJC_ARC = YES;
				CLANG_WARN__DUPLICATE_METHOD_MATCH = YES;
				"CODE_SIGN_IDENTITY[sdk=iphoneos*]" = "iPhone Developer";
				COPY_PHASE_STRIP = YES;
				GCC_C_LANGUAGE_STANDARD = gnu99;
				GCC_WARN_ABOUT_RETURN_TYPE = YES;
				GCC_WARN_UNINITIALIZED_AUTOS = YES;
				GCC_WARN_UNUSED_VARIABLE = YES;
				IPHONEOS_DEPLOYMENT_TARGET = 6.0;
				OTHER_CFLAGS = "-DNS_BLOCK_ASSERTIONS=1";
				SDKROOT = iphoneos;
				VALIDATE_PRODUCT = YES;
			};
			name = Release;
		};
		3ED9AE0B15E6E25900B98E3F /* Debug */ = {
			isa = XCBuildConfiguration;
			buildSettings = {
				GCC_PRECOMPILE_PREFIX_HEADER = YES;
				GCC_PREFIX_HEADER = "glfun/glfun-Prefix.pch";
				INFOPLIST_FILE = "glfun/glfun-Info.plist";
				PRODUCT_NAME = "$(TARGET_NAME)";
				WRAPPER_EXTENSION = app;
			};
			name = Debug;
		};
		3ED9AE0C15E6E25900B98E3F /* Release */ = {
			isa = XCBuildConfiguration;
			buildSettings = {
				GCC_PRECOMPILE_PREFIX_HEADER = YES;
				GCC_PREFIX_HEADER = "glfun/glfun-Prefix.pch";
				INFOPLIST_FILE = "glfun/glfun-Info.plist";
				PRODUCT_NAME = "$(TARGET_NAME)";
				WRAPPER_EXTENSION = app;
			};
			name = Release;
		};
		3ED9AE0E15E6E25900B98E3F /* Debug */ = {
			isa = XCBuildConfiguration;
			buildSettings = {
				BUNDLE_LOADER = "$(BUILT_PRODUCTS_DIR)/glfun.app/glfun";
				FRAMEWORK_SEARCH_PATHS = (
					"\"$(SDKROOT)/Developer/Library/Frameworks\"",
					"\"$(DEVELOPER_LIBRARY_DIR)/Frameworks\"",
				);
				GCC_PRECOMPILE_PREFIX_HEADER = YES;
				GCC_PREFIX_HEADER = "glfun/glfun-Prefix.pch";
				INFOPLIST_FILE = "glfunTests/glfunTests-Info.plist";
				PRODUCT_NAME = "$(TARGET_NAME)";
				TEST_HOST = "$(BUNDLE_LOADER)";
				WRAPPER_EXTENSION = octest;
			};
			name = Debug;
		};
		3ED9AE0F15E6E25900B98E3F /* Release */ = {
			isa = XCBuildConfiguration;
			buildSettings = {
				BUNDLE_LOADER = "$(BUILT_PRODUCTS_DIR)/glfun.app/glfun";
				FRAMEWORK_SEARCH_PATHS = (
					"\"$(SDKROOT)/Developer/Library/Frameworks\"",
					"\"$(DEVELOPER_LIBRARY_DIR)/Frameworks\"",
				);
				GCC_PRECOMPILE_PREFIX_HEADER = YES;
				GCC_PREFIX_HEADER = "glfun/glfun-Prefix.pch";
				INFOPLIST_FILE = "glfunTests/glfunTests-Info.plist";
				PRODUCT_NAME = "$(TARGET_NAME)";
				TEST_HOST = "$(BUNDLE_LOADER)";
				WRAPPER_EXTENSION = octest;
			};
			name = Release;
		};
/* End XCBuildConfiguration section */

/* Begin XCConfigurationList section */
		3ED9ADD715E6E25800B98E3F /* Build configuration list for PBXProject "glfun" */ = {
			isa = XCConfigurationList;
			buildConfigurations = (
				3ED9AE0815E6E25900B98E3F /* Debug */,
				3ED9AE0915E6E25900B98E3F /* Release */,
			);
			defaultConfigurationIsVisible = 0;
			defaultConfigurationName = Release;
		};
		3ED9AE0A15E6E25900B98E3F /* Build configuration list for PBXNativeTarget "glfun" */ = {
			isa = XCConfigurationList;
			buildConfigurations = (
				3ED9AE0B15E6E25900B98E3F /* Debug */,
				3ED9AE0C15E6E25900B98E3F /* Release */,
			);
			defaultConfigurationIsVisible = 0;
		};
		3ED9AE0D15E6E25900B98E3F /* Build configuration list for PBXNativeTarget "glfunTests" */ = {
			isa = XCConfigurationList;
			buildConfigurations = (
				3ED9AE0E15E6E25900B98E3F /* Debug */,
				3ED9AE0F15E6E25900B98E3F /* Release */,
			);
			defaultConfigurationIsVisible = 0;
		};
/* End XCConfigurationList section */
	};
	rootObject = 3ED9ADD415E6E25800B98E3F /* Project object */;
}
